PODS:
  - Alamofire (5.4.2)
  - Kingfisher (6.2.1)
  - MMPlayerView (6.0.2)
  - Realm (10.7.2):
    - Realm/Headers (= 10.7.2)
  - Realm/Headers (10.7.2)
  - RealmSwift (10.7.2):
    - Realm (= 10.7.2)
  - SVPullToRefresh (0.4.1)

DEPENDENCIES:
  - Alamofire
  - Kingfisher
  - MMPlayerView
  - RealmSwift
  - SVPullToRefresh

SPEC REPOS:
  trunk:
    - Alamofire
    - Kingfisher
    - MMPlayerView
    - Realm
    - RealmSwift
    - SVPullToRefresh

SPEC CHECKSUMS:
  Alamofire: bfbc4c2fe5909b1d94fb4ef2277c6b3727ef5dae
  Kingfisher: e71c6fac2aebb1262888cabc2cb13d313362a48f
  MMPlayerView: e28bace82369bcfbfbe29f9dcd30eeb641a46754
  Realm: e523da9ade306c5ae87e85dc09fdef148d3e1cc1
  RealmSwift: 4f6758c3adbdcc87f7b7777107226532a077f61c
  SVPullToRefresh: ba2e718695a43253d8bea6852d2960097dc15d8c

PODFILE CHECKSUM: d50f371ccd0ca6459c758c8dd079e92c05b6eb96

COCOAPODS: 1.10.1
